schema: '2.0'
stages:
  data_ingestion:
    cmd: python src/pipeline/data_ingestion.py
    deps:
    - path: config/config.yaml
      hash: md5
      md5: 2cad400743055c3a8ca78ca573b5ae26
      size: 732
    - path: src/pipeline/data_ingestion.py
      hash: md5
      md5: a6dca9098b805eb98f8d25b9332106e4
      size: 2433
    params:
      params.yaml:
        data_ingestion.test_size: 0.2
    outs:
    - path: data/raw
      hash: md5
      md5: 6286157db18ee901dd95bda6d555924a.dir
      size: 887224
      nfiles: 2
  data_preprocessing:
    cmd: python src/pipeline/data_preprocessing.py
    deps:
    - path: config/config.yaml
      hash: md5
      md5: 2cad400743055c3a8ca78ca573b5ae26
      size: 732
    - path: data/raw
      hash: md5
      md5: 6286157db18ee901dd95bda6d555924a.dir
      size: 887224
      nfiles: 2
    - path: src/pipeline/data_preprocessing.py
      hash: md5
      md5: 3cd7fbfa01e8b332c4d3fa30fdd19820
      size: 3559
    outs:
    - path: data/processed
      hash: md5
      md5: 0c23fa22051c4030a9d871e505ab849f.dir
      size: 681409
      nfiles: 2
  feature_engineering:
    cmd: python src/pipeline/feature_engineering.py
    deps:
    - path: config/config.yaml
      hash: md5
      md5: 2cad400743055c3a8ca78ca573b5ae26
      size: 732
    - path: data/processed
      hash: md5
      md5: 0c23fa22051c4030a9d871e505ab849f.dir
      size: 681409
      nfiles: 2
    - path: src/pipeline/feature_engineering.py
      hash: md5
      md5: 1ad94fe5dabe5b77cd5fc5e138de01a8
      size: 2599
    params:
      params.yaml:
        feature_engineering.max_features: 60
    outs:
    - path: data/features
      hash: md5
      md5: ead4b4e3695f73f0f23c1d7f34fc522d.dir
      size: 1326008
      nfiles: 2
  model_building:
    cmd: python src/pipeline/model_building.py
    deps:
    - path: config/config.yaml
      hash: md5
      md5: 2cad400743055c3a8ca78ca573b5ae26
      size: 732
    - path: data/features
      hash: md5
      md5: ead4b4e3695f73f0f23c1d7f34fc522d.dir
      size: 1326008
      nfiles: 2
    - path: src/pipeline/model_building.py
      hash: md5
      md5: a11e756525eea7576acd2c7f02c4a100
      size: 1890
    params:
      params.yaml:
        model_building.learning_rate: 0.1
        model_building.n_estimators: 50
    outs:
    - path: artifacts/models
      hash: md5
      md5: d05c55c7df22ab33142c17ffc7e46d2d.dir
      size: 63261
      nfiles: 1
  predictions:
    cmd: python src/pipeline/predictions.py
    deps:
    - path: artifacts/models
      hash: md5
      md5: d05c55c7df22ab33142c17ffc7e46d2d.dir
      size: 63261
      nfiles: 1
    - path: config/config.yaml
      hash: md5
      md5: 2cad400743055c3a8ca78ca573b5ae26
      size: 732
    - path: data/features
      hash: md5
      md5: ead4b4e3695f73f0f23c1d7f34fc522d.dir
      size: 1326008
      nfiles: 2
    - path: src/pipeline/predictions.py
      hash: md5
      md5: aed129154b198cea07edc973f1f1ff49
      size: 2009
    outs:
    - path: artifacts/metrics
      hash: md5
      md5: b756c0592e9c44052765c0e645da811d.dir
      size: 146
      nfiles: 1
